
Microsoft Visual Studio Solution File, Format Version 12.00
# Visual Studio Version 17
VisualStudioVersion = 17.0.32112.339
MinimumVisualStudioVersion = 10.0.40219.1
Project("{9A19103F-16F7-4668-BE54-9A1E7A4F7556}") = "SimpleConsole", "SimpleConsole\SimpleConsole.csproj", "{9F10D480-63F2-44FC-A31C-DC8DBAFFFD8E}"
EndProject
Project("{9A19103F-16F7-4668-BE54-9A1E7A4F7556}") = "Utils", "Utils\Utils.csproj", "{00006AE2-C998-4336-B2F5-4D46AC4916BA}"
EndProject
Project("{FAE04EC0-301F-11D3-BF4B-00C04F79EFBC}") = "SimpleWebAPI", "SimpleWebAPI\SimpleWebAPI.csproj", "{106B33D8-883D-4592-B244-7CBA6F26DB32}"
EndProject
Global
	GlobalSection(SolutionConfigurationPlatforms) = preSolution
		Debug|Any CPU = Debug|Any CPU
		Release|Any CPU = Release|Any CPU
	EndGlobalSection
	GlobalSection(ProjectConfigurationPlatforms) = postSolution
		{9F10D480-63F2-44FC-A31C-DC8DBAFFFD8E}.Debug|Any CPU.ActiveCfg = Debug|Any CPU
		{9F10D480-63F2-44FC-A31C-DC8DBAFFFD8E}.Debug|Any CPU.Build.0 = Debug|Any CPU
		{9F10D480-63F2-44FC-A31C-DC8DBAFFFD8E}.Release|Any CPU.ActiveCfg = Release|Any CPU
		{9F10D480-63F2-44FC-A31C-DC8DBAFFFD8E}.Release|Any CPU.Build.0 = Release|Any CPU
		{00006AE2-C998-4336-B2F5-4D46AC4916BA}.Debug|Any CPU.ActiveCfg = Debug|Any CPU
		{00006AE2-C998-4336-B2F5-4D46AC4916BA}.Debug|Any CPU.Build.0 = Debug|Any CPU
		{00006AE2-C998-4336-B2F5-4D46AC4916BA}.Release|Any CPU.ActiveCfg = Release|Any CPU
		{00006AE2-C998-4336-B2F5-4D46AC4916BA}.Release|Any CPU.Build.0 = Release|Any CPU
		{106B33D8-883D-4592-B244-7CBA6F26DB32}.Debug|Any CPU.ActiveCfg = Debug|Any CPU
		{106B33D8-883D-4592-B244-7CBA6F26DB32}.Debug|Any CPU.Build.0 = Debug|Any CPU
		{106B33D8-883D-4592-B244-7CBA6F26DB32}.Release|Any CPU.ActiveCfg = Release|Any CPU
		{106B33D8-883D-4592-B244-7CBA6F26DB32}.Release|Any CPU.Build.0 = Release|Any CPU
	EndGlobalSection
	GlobalSection(SolutionProperties) = preSolution
		HideSolutionNode = FALSE
	EndGlobalSection
	GlobalSection(ExtensibilityGlobals) = postSolution
		SolutionGuid = {B49424AD-4A91-48C5-B309-5DDC2DAC2D1F}
	EndGlobalSection
EndGlobal
